PODS:
  - contacts_service (0.2.2):
    - Flutter
  - Flutter (1.0.0)
  - flutter_local_notifications (0.0.1):
    - Flutter
  - FMDB (2.7.5):
    - FMDB/standard (= 2.7.5)
  - FMDB/standard (2.7.5)
  - MTBBarcodeScanner (5.0.11)
  - package_info (0.0.1):
    - Flutter
  - pedometer (0.0.1):
    - Flutter
  - "permission_handler (5.1.0+2)":
    - Flutter
  - printing (0.0.1):
    - Flutter
  - qr_code_scanner (0.2.0):
    - Flutter
    - MTBBarcodeScanner
  - Sentry (6.1.4):
    - Sentry/Core (= 6.1.4)
  - Sentry/Core (6.1.4)
  - sentry_flutter (0.0.1):
    - Flutter
    - Sentry (~> 6.1.4)
  - share (0.0.1):
    - Flutter
  - shared_preferences (0.0.1):
    - Flutter
  - sqflite (0.0.2):
    - Flutter
    - FMDB (>= 2.7.5)
  - uni_links (0.0.1):
    - Flutter
  - url_launcher (0.0.1):
    - Flutter

DEPENDENCIES:
  - contacts_service (from `.symlinks/plugins/contacts_service/ios`)
  - Flutter (from `Flutter`)
  - flutter_local_notifications (from `.symlinks/plugins/flutter_local_notifications/ios`)
  - package_info (from `.symlinks/plugins/package_info/ios`)
  - pedometer (from `.symlinks/plugins/pedometer/ios`)
  - permission_handler (from `.symlinks/plugins/permission_handler/ios`)
  - printing (from `.symlinks/plugins/printing/ios`)
  - qr_code_scanner (from `.symlinks/plugins/qr_code_scanner/ios`)
  - sentry_flutter (from `.symlinks/plugins/sentry_flutter/ios`)
  - share (from `.symlinks/plugins/share/ios`)
  - shared_preferences (from `.symlinks/plugins/shared_preferences/ios`)
  - sqflite (from `.symlinks/plugins/sqflite/ios`)
  - uni_links (from `.symlinks/plugins/uni_links/ios`)
  - url_launcher (from `.symlinks/plugins/url_launcher/ios`)

SPEC REPOS:
  trunk:
    - FMDB
    - MTBBarcodeScanner
    - Sentry

EXTERNAL SOURCES:
  contacts_service:
    :path: ".symlinks/plugins/contacts_service/ios"
  Flutter:
    :path: Flutter
  flutter_local_notifications:
    :path: ".symlinks/plugins/flutter_local_notifications/ios"
  package_info:
    :path: ".symlinks/plugins/package_info/ios"
  pedometer:
    :path: ".symlinks/plugins/pedometer/ios"
  permission_handler:
    :path: ".symlinks/plugins/permission_handler/ios"
  printing:
    :path: ".symlinks/plugins/printing/ios"
  qr_code_scanner:
    :path: ".symlinks/plugins/qr_code_scanner/ios"
  sentry_flutter:
    :path: ".symlinks/plugins/sentry_flutter/ios"
  share:
    :path: ".symlinks/plugins/share/ios"
  shared_preferences:
    :path: ".symlinks/plugins/shared_preferences/ios"
  sqflite:
    :path: ".symlinks/plugins/sqflite/ios"
  uni_links:
    :path: ".symlinks/plugins/uni_links/ios"
  url_launcher:
    :path: ".symlinks/plugins/url_launcher/ios"

SPEC CHECKSUMS:
  contacts_service: 849e1f84281804c8bfbec1b4c3eedcb23c5d3eca
  Flutter: 0e3d915762c693b495b44d77113d4970485de6ec
  flutter_local_notifications: 0c0b1ae97e741e1521e4c1629a459d04b9aec743
  FMDB: 2ce00b547f966261cd18927a3ddb07cb6f3db82a
  MTBBarcodeScanner: f453b33c4b7dfe545d8c6484ed744d55671788cb
  package_info: 873975fc26034f0b863a300ad47e7f1ac6c7ec62
  pedometer: 381969883680ade42559782cc41a3bbd453d8234
  permission_handler: ccb20a9fad0ee9b1314a52b70b76b473c5f8dab0
  printing: 5ec249946ebbd51cead5ed9b0b48113bb5141bcf
  qr_code_scanner: bb67d64904c3b9658ada8c402e8b4d406d5d796e
  Sentry: 9d055e2de30a77685e86b219acf02e59b82091fc
  sentry_flutter: 8b2b2e1c0101ef562106b5d272d3c0c741512c01
  share: 0b2c3e82132f5888bccca3351c504d0003b3b410
  shared_preferences: af6bfa751691cdc24be3045c43ec037377ada40d
  sqflite: 6d358c025f5b867b29ed92fc697fd34924e11904
  uni_links: d97da20c7701486ba192624d99bffaaffcfc298a
  url_launcher: 6fef411d543ceb26efce54b05a0a40bfd74cbbef

PODFILE CHECKSUM: de2120689bd64c50778c43ebcd6de450aa1587e0

COCOAPODS: 1.10.0
